
Microsoft Visual Studio Solution File, Format Version 12.00
# Visual Studio 14
VisualStudioVersion = 14.0.24720.0
MinimumVisualStudioVersion = 10.0.40219.1
Project("{FAE04EC0-301F-11D3-BF4B-00C04F79EFBC}") = "BlocNotasCurso.Droid", "BlocNotasCurso\BlocNotasCurso.Droid\BlocNotasCurso.Droid.csproj", "{621AC5AA-8E8D-41EC-9790-BE2FB01508E1}"
EndProject
Project("{FAE04EC0-301F-11D3-BF4B-00C04F79EFBC}") = "BlocNotasCurso.iOS", "BlocNotasCurso\BlocNotasCurso.iOS\BlocNotasCurso.iOS.csproj", "{DEA677C5-617F-4450-B26E-1876B4458BCE}"
EndProject
Project("{FAE04EC0-301F-11D3-BF4B-00C04F79EFBC}") = "BlocNotasCurso.WinPhone", "BlocNotasCurso\BlocNotasCurso.WinPhone\BlocNotasCurso.WinPhone.csproj", "{9567A71B-5D3D-46C2-B066-B35B0FDCE241}"
EndProject
Project("{FAE04EC0-301F-11D3-BF4B-00C04F79EFBC}") = "BlocNotasCurso", "BlocNotasCurso\BlocNotasCurso\BlocNotasCurso.csproj", "{4EE5FF2E-04EA-49EA-AC97-C4550715D2C6}"
EndProject
Global
	GlobalSection(SolutionConfigurationPlatforms) = preSolution
		Ad-Hoc|Any CPU = Ad-Hoc|Any CPU
		Ad-Hoc|ARM = Ad-Hoc|ARM
		Ad-Hoc|iPhone = Ad-Hoc|iPhone
		Ad-Hoc|iPhoneSimulator = Ad-Hoc|iPhoneSimulator
		Ad-Hoc|x86 = Ad-Hoc|x86
		AppStore|Any CPU = AppStore|Any CPU
		AppStore|ARM = AppStore|ARM
		AppStore|iPhone = AppStore|iPhone
		AppStore|iPhoneSimulator = AppStore|iPhoneSimulator
		AppStore|x86 = AppStore|x86
		Debug|Any CPU = Debug|Any CPU
		Debug|ARM = Debug|ARM
		Debug|iPhone = Debug|iPhone
		Debug|iPhoneSimulator = Debug|iPhoneSimulator
		Debug|x86 = Debug|x86
		Release|Any CPU = Release|Any CPU
		Release|ARM = Release|ARM
		Release|iPhone = Release|iPhone
		Release|iPhoneSimulator = Release|iPhoneSimulator
		Release|x86 = Release|x86
	EndGlobalSection
	GlobalSection(ProjectConfigurationPlatforms) = postSolution
		{621AC5AA-8E8D-41EC-9790-BE2FB01508E1}.Ad-Hoc|Any CPU.ActiveCfg = Release|Any CPU
		{621AC5AA-8E8D-41EC-9790-BE2FB01508E1}.Ad-Hoc|Any CPU.Build.0 = Release|Any CPU
		{621AC5AA-8E8D-41EC-9790-BE2FB01508E1}.Ad-Hoc|Any CPU.Deploy.0 = Release|Any CPU
		{621AC5AA-8E8D-41EC-9790-BE2FB01508E1}.Ad-Hoc|ARM.ActiveCfg = Release|Any CPU
		{621AC5AA-8E8D-41EC-9790-BE2FB01508E1}.Ad-Hoc|ARM.Build.0 = Release|Any CPU
		{621AC5AA-8E8D-41EC-9790-BE2FB01508E1}.Ad-Hoc|ARM.Deploy.0 = Release|Any CPU
		{621AC5AA-8E8D-41EC-9790-BE2FB01508E1}.Ad-Hoc|iPhone.ActiveCfg = Release|Any CPU
		{621AC5AA-8E8D-41EC-9790-BE2FB01508E1}.Ad-Hoc|iPhone.Build.0 = Release|Any CPU
		{621AC5AA-8E8D-41EC-9790-BE2FB01508E1}.Ad-Hoc|iPhone.Deploy.0 = Release|Any CPU
		{621AC5AA-8E8D-41EC-9790-BE2FB01508E1}.Ad-Hoc|iPhoneSimulator.ActiveCfg = Release|Any CPU
		{621AC5AA-8E8D-41EC-9790-BE2FB01508E1}.Ad-Hoc|iPhoneSimulator.Build.0 = Release|Any CPU
		{621AC5AA-8E8D-41EC-9790-BE2FB01508E1}.Ad-Hoc|iPhoneSimulator.Deploy.0 = Release|Any CPU
		{621AC5AA-8E8D-41EC-9790-BE2FB01508E1}.Ad-Hoc|x86.ActiveCfg = Release|Any CPU
		{621AC5AA-8E8D-41EC-9790-BE2FB01508E1}.Ad-Hoc|x86.Build.0 = Release|Any CPU
		{621AC5AA-8E8D-41EC-9790-BE2FB01508E1}.Ad-Hoc|x86.Deploy.0 = Release|Any CPU
		{621AC5AA-8E8D-41EC-9790-BE2FB01508E1}.AppStore|Any CPU.ActiveCfg = Release|Any CPU
		{621AC5AA-8E8D-41EC-9790-BE2FB01508E1}.AppStore|Any CPU.Build.0 = Release|Any CPU
		{621AC5AA-8E8D-41EC-9790-BE2FB01508E1}.AppStore|Any CPU.Deploy.0 = Release|Any CPU
		{621AC5AA-8E8D-41EC-9790-BE2FB01508E1}.AppStore|ARM.ActiveCfg = Release|Any CPU
		{621AC5AA-8E8D-41EC-9790-BE2FB01508E1}.AppStore|ARM.Build.0 = Release|Any CPU
		{621AC5AA-8E8D-41EC-9790-BE2FB01508E1}.AppStore|ARM.Deploy.0 = Release|Any CPU
		{621AC5AA-8E8D-41EC-9790-BE2FB01508E1}.AppStore|iPhone.ActiveCfg = Release|Any CPU
		{621AC5AA-8E8D-41EC-9790-BE2FB01508E1}.AppStore|iPhone.Build.0 = Release|Any CPU
		{621AC5AA-8E8D-41EC-9790-BE2FB01508E1}.AppStore|iPhone.Deploy.0 = Release|Any CPU
		{621AC5AA-8E8D-41EC-9790-BE2FB01508E1}.AppStore|iPhoneSimulator.ActiveCfg = Release|Any CPU
		{621AC5AA-8E8D-41EC-9790-BE2FB01508E1}.AppStore|iPhoneSimulator.Build.0 = Release|Any CPU
		{621AC5AA-8E8D-41EC-9790-BE2FB01508E1}.AppStore|iPhoneSimulator.Deploy.0 = Release|Any CPU
		{621AC5AA-8E8D-41EC-9790-BE2FB01508E1}.AppStore|x86.ActiveCfg = Release|Any CPU
		{621AC5AA-8E8D-41EC-9790-BE2FB01508E1}.AppStore|x86.Build.0 = Release|Any CPU
		{621AC5AA-8E8D-41EC-9790-BE2FB01508E1}.AppStore|x86.Deploy.0 = Release|Any CPU
		{621AC5AA-8E8D-41EC-9790-BE2FB01508E1}.Debug|Any CPU.ActiveCfg = Debug|Any CPU
		{621AC5AA-8E8D-41EC-9790-BE2FB01508E1}.Debug|Any CPU.Build.0 = Debug|Any CPU
		{621AC5AA-8E8D-41EC-9790-BE2FB01508E1}.Debug|Any CPU.Deploy.0 = Debug|Any CPU
		{621AC5AA-8E8D-41EC-9790-BE2FB01508E1}.Debug|ARM.ActiveCfg = Debug|Any CPU
		{621AC5AA-8E8D-41EC-9790-BE2FB01508E1}.Debug|ARM.Build.0 = Debug|Any CPU
		{621AC5AA-8E8D-41EC-9790-BE2FB01508E1}.Debug|ARM.Deploy.0 = Debug|Any CPU
		{621AC5AA-8E8D-41EC-9790-BE2FB01508E1}.Debug|iPhone.ActiveCfg = Debug|Any CPU
		{621AC5AA-8E8D-41EC-9790-BE2FB01508E1}.Debug|iPhone.Build.0 = Debug|Any CPU
		{621AC5AA-8E8D-41EC-9790-BE2FB01508E1}.Debug|iPhone.Deploy.0 = Debug|Any CPU
		{621AC5AA-8E8D-41EC-9790-BE2FB01508E1}.Debug|iPhoneSimulator.ActiveCfg = Debug|Any CPU
		{621AC5AA-8E8D-41EC-9790-BE2FB01508E1}.Debug|iPhoneSimulator.Build.0 = Debug|Any CPU
		{621AC5AA-8E8D-41EC-9790-BE2FB01508E1}.Debug|iPhoneSimulator.Deploy.0 = Debug|Any CPU
		{621AC5AA-8E8D-41EC-9790-BE2FB01508E1}.Debug|x86.ActiveCfg = Debug|Any CPU
		{621AC5AA-8E8D-41EC-9790-BE2FB01508E1}.Debug|x86.Build.0 = Debug|Any CPU
		{621AC5AA-8E8D-41EC-9790-BE2FB01508E1}.Debug|x86.Deploy.0 = Debug|Any CPU
		{621AC5AA-8E8D-41EC-9790-BE2FB01508E1}.Release|Any CPU.ActiveCfg = Release|Any CPU
		{621AC5AA-8E8D-41EC-9790-BE2FB01508E1}.Release|Any CPU.Build.0 = Release|Any CPU
		{621AC5AA-8E8D-41EC-9790-BE2FB01508E1}.Release|Any CPU.Deploy.0 = Release|Any CPU
		{621AC5AA-8E8D-41EC-9790-BE2FB01508E1}.Release|ARM.ActiveCfg = Release|Any CPU
		{621AC5AA-8E8D-41EC-9790-BE2FB01508E1}.Release|ARM.Build.0 = Release|Any CPU
		{621AC5AA-8E8D-41EC-9790-BE2FB01508E1}.Release|ARM.Deploy.0 = Release|Any CPU
		{621AC5AA-8E8D-41EC-9790-BE2FB01508E1}.Release|iPhone.ActiveCfg = Release|Any CPU
		{621AC5AA-8E8D-41EC-9790-BE2FB01508E1}.Release|iPhone.Build.0 = Release|Any CPU
		{621AC5AA-8E8D-41EC-9790-BE2FB01508E1}.Release|iPhone.Deploy.0 = Release|Any CPU
		{621AC5AA-8E8D-41EC-9790-BE2FB01508E1}.Release|iPhoneSimulator.ActiveCfg = Release|Any CPU
		{621AC5AA-8E8D-41EC-9790-BE2FB01508E1}.Release|iPhoneSimulator.Build.0 = Release|Any CPU
		{621AC5AA-8E8D-41EC-9790-BE2FB01508E1}.Release|iPhoneSimulator.Deploy.0 = Release|Any CPU
		{621AC5AA-8E8D-41EC-9790-BE2FB01508E1}.Release|x86.ActiveCfg = Release|Any CPU
		{621AC5AA-8E8D-41EC-9790-BE2FB01508E1}.Release|x86.Build.0 = Release|Any CPU
		{621AC5AA-8E8D-41EC-9790-BE2FB01508E1}.Release|x86.Deploy.0 = Release|Any CPU
		{DEA677C5-617F-4450-B26E-1876B4458BCE}.Ad-Hoc|Any CPU.ActiveCfg = Ad-Hoc|iPhone
		{DEA677C5-617F-4450-B26E-1876B4458BCE}.Ad-Hoc|ARM.ActiveCfg = Ad-Hoc|iPhone
		{DEA677C5-617F-4450-B26E-1876B4458BCE}.Ad-Hoc|iPhone.ActiveCfg = Ad-Hoc|iPhone
		{DEA677C5-617F-4450-B26E-1876B4458BCE}.Ad-Hoc|iPhone.Build.0 = Ad-Hoc|iPhone
		{DEA677C5-617F-4450-B26E-1876B4458BCE}.Ad-Hoc|iPhoneSimulator.ActiveCfg = Ad-Hoc|iPhoneSimulator
		{DEA677C5-617F-4450-B26E-1876B4458BCE}.Ad-Hoc|iPhoneSimulator.Build.0 = Ad-Hoc|iPhoneSimulator
		{DEA677C5-617F-4450-B26E-1876B4458BCE}.Ad-Hoc|x86.ActiveCfg = Ad-Hoc|iPhone
		{DEA677C5-617F-4450-B26E-1876B4458BCE}.AppStore|Any CPU.ActiveCfg = AppStore|iPhone
		{DEA677C5-617F-4450-B26E-1876B4458BCE}.AppStore|ARM.ActiveCfg = AppStore|iPhone
		{DEA677C5-617F-4450-B26E-1876B4458BCE}.AppStore|iPhone.ActiveCfg = AppStore|iPhone
		{DEA677C5-617F-4450-B26E-1876B4458BCE}.AppStore|iPhone.Build.0 = AppStore|iPhone
		{DEA677C5-617F-4450-B26E-1876B4458BCE}.AppStore|iPhoneSimulator.ActiveCfg = AppStore|iPhoneSimulator
		{DEA677C5-617F-4450-B26E-1876B4458BCE}.AppStore|iPhoneSimulator.Build.0 = AppStore|iPhoneSimulator
		{DEA677C5-617F-4450-B26E-1876B4458BCE}.AppStore|x86.ActiveCfg = AppStore|iPhone
		{DEA677C5-617F-4450-B26E-1876B4458BCE}.Debug|Any CPU.ActiveCfg = Debug|iPhone
		{DEA677C5-617F-4450-B26E-1876B4458BCE}.Debug|ARM.ActiveCfg = Debug|iPhone
		{DEA677C5-617F-4450-B26E-1876B4458BCE}.Debug|iPhone.ActiveCfg = Debug|iPhone
		{DEA677C5-617F-4450-B26E-1876B4458BCE}.Debug|iPhone.Build.0 = Debug|iPhone
		{DEA677C5-617F-4450-B26E-1876B4458BCE}.Debug|iPhoneSimulator.ActiveCfg = Debug|iPhoneSimulator
		{DEA677C5-617F-4450-B26E-1876B4458BCE}.Debug|iPhoneSimulator.Build.0 = Debug|iPhoneSimulator
		{DEA677C5-617F-4450-B26E-1876B4458BCE}.Debug|x86.ActiveCfg = Debug|iPhone
		{DEA677C5-617F-4450-B26E-1876B4458BCE}.Release|Any CPU.ActiveCfg = Release|iPhone
		{DEA677C5-617F-4450-B26E-1876B4458BCE}.Release|ARM.ActiveCfg = Release|iPhone
		{DEA677C5-617F-4450-B26E-1876B4458BCE}.Release|iPhone.ActiveCfg = Release|iPhone
		{DEA677C5-617F-4450-B26E-1876B4458BCE}.Release|iPhone.Build.0 = Release|iPhone
		{DEA677C5-617F-4450-B26E-1876B4458BCE}.Release|iPhoneSimulator.ActiveCfg = Release|iPhoneSimulator
		{DEA677C5-617F-4450-B26E-1876B4458BCE}.Release|iPhoneSimulator.Build.0 = Release|iPhoneSimulator
		{DEA677C5-617F-4450-B26E-1876B4458BCE}.Release|x86.ActiveCfg = Release|iPhone
		{9567A71B-5D3D-46C2-B066-B35B0FDCE241}.Ad-Hoc|Any CPU.ActiveCfg = Release|Any CPU
		{9567A71B-5D3D-46C2-B066-B35B0FDCE241}.Ad-Hoc|Any CPU.Build.0 = Release|Any CPU
		{9567A71B-5D3D-46C2-B066-B35B0FDCE241}.Ad-Hoc|Any CPU.Deploy.0 = Release|Any CPU
		{9567A71B-5D3D-46C2-B066-B35B0FDCE241}.Ad-Hoc|ARM.ActiveCfg = Release|ARM
		{9567A71B-5D3D-46C2-B066-B35B0FDCE241}.Ad-Hoc|ARM.Build.0 = Release|ARM
		{9567A71B-5D3D-46C2-B066-B35B0FDCE241}.Ad-Hoc|ARM.Deploy.0 = Release|ARM
		{9567A71B-5D3D-46C2-B066-B35B0FDCE241}.Ad-Hoc|iPhone.ActiveCfg = Release|Any CPU
		{9567A71B-5D3D-46C2-B066-B35B0FDCE241}.Ad-Hoc|iPhone.Build.0 = Release|Any CPU
		{9567A71B-5D3D-46C2-B066-B35B0FDCE241}.Ad-Hoc|iPhone.Deploy.0 = Release|Any CPU
		{9567A71B-5D3D-46C2-B066-B35B0FDCE241}.Ad-Hoc|iPhoneSimulator.ActiveCfg = Release|Any CPU
		{9567A71B-5D3D-46C2-B066-B35B0FDCE241}.Ad-Hoc|iPhoneSimulator.Build.0 = Release|Any CPU
		{9567A71B-5D3D-46C2-B066-B35B0FDCE241}.Ad-Hoc|iPhoneSimulator.Deploy.0 = Release|Any CPU
		{9567A71B-5D3D-46C2-B066-B35B0FDCE241}.Ad-Hoc|x86.ActiveCfg = Release|x86
		{9567A71B-5D3D-46C2-B066-B35B0FDCE241}.Ad-Hoc|x86.Build.0 = Release|x86
		{9567A71B-5D3D-46C2-B066-B35B0FDCE241}.Ad-Hoc|x86.Deploy.0 = Release|x86
		{9567A71B-5D3D-46C2-B066-B35B0FDCE241}.AppStore|Any CPU.ActiveCfg = Release|Any CPU
		{9567A71B-5D3D-46C2-B066-B35B0FDCE241}.AppStore|Any CPU.Build.0 = Release|Any CPU
		{9567A71B-5D3D-46C2-B066-B35B0FDCE241}.AppStore|Any CPU.Deploy.0 = Release|Any CPU
		{9567A71B-5D3D-46C2-B066-B35B0FDCE241}.AppStore|ARM.ActiveCfg = Release|ARM
		{9567A71B-5D3D-46C2-B066-B35B0FDCE241}.AppStore|ARM.Build.0 = Release|ARM
		{9567A71B-5D3D-46C2-B066-B35B0FDCE241}.AppStore|ARM.Deploy.0 = Release|ARM
		{9567A71B-5D3D-46C2-B066-B35B0FDCE241}.AppStore|iPhone.ActiveCfg = Release|Any CPU
		{9567A71B-5D3D-46C2-B066-B35B0FDCE241}.AppStore|iPhone.Build.0 = Release|Any CPU
		{9567A71B-5D3D-46C2-B066-B35B0FDCE241}.AppStore|iPhone.Deploy.0 = Release|Any CPU
		{9567A71B-5D3D-46C2-B066-B35B0FDCE241}.AppStore|iPhoneSimulator.ActiveCfg = Release|Any CPU
		{9567A71B-5D3D-46C2-B066-B35B0FDCE241}.AppStore|iPhoneSimulator.Build.0 = Release|Any CPU
		{9567A71B-5D3D-46C2-B066-B35B0FDCE241}.AppStore|iPhoneSimulator.Deploy.0 = Release|Any CPU
		{9567A71B-5D3D-46C2-B066-B35B0FDCE241}.AppStore|x86.ActiveCfg = Release|x86
		{9567A71B-5D3D-46C2-B066-B35B0FDCE241}.AppStore|x86.Build.0 = Release|x86
		{9567A71B-5D3D-46C2-B066-B35B0FDCE241}.AppStore|x86.Deploy.0 = Release|x86
		{9567A71B-5D3D-46C2-B066-B35B0FDCE241}.Debug|Any CPU.ActiveCfg = Debug|Any CPU
		{9567A71B-5D3D-46C2-B066-B35B0FDCE241}.Debug|Any CPU.Build.0 = Debug|Any CPU
		{9567A71B-5D3D-46C2-B066-B35B0FDCE241}.Debug|Any CPU.Deploy.0 = Debug|Any CPU
		{9567A71B-5D3D-46C2-B066-B35B0FDCE241}.Debug|ARM.ActiveCfg = Debug|ARM
		{9567A71B-5D3D-46C2-B066-B35B0FDCE241}.Debug|ARM.Build.0 = Debug|ARM
		{9567A71B-5D3D-46C2-B066-B35B0FDCE241}.Debug|ARM.Deploy.0 = Debug|ARM
		{9567A71B-5D3D-46C2-B066-B35B0FDCE241}.Debug|iPhone.ActiveCfg = Debug|Any CPU
		{9567A71B-5D3D-46C2-B066-B35B0FDCE241}.Debug|iPhone.Build.0 = Debug|Any CPU
		{9567A71B-5D3D-46C2-B066-B35B0FDCE241}.Debug|iPhone.Deploy.0 = Debug|Any CPU
		{9567A71B-5D3D-46C2-B066-B35B0FDCE241}.Debug|iPhoneSimulator.ActiveCfg = Debug|Any CPU
		{9567A71B-5D3D-46C2-B066-B35B0FDCE241}.Debug|iPhoneSimulator.Build.0 = Debug|Any CPU
		{9567A71B-5D3D-46C2-B066-B35B0FDCE241}.Debug|iPhoneSimulator.Deploy.0 = Debug|Any CPU
		{9567A71B-5D3D-46C2-B066-B35B0FDCE241}.Debug|x86.ActiveCfg = Debug|x86
		{9567A71B-5D3D-46C2-B066-B35B0FDCE241}.Debug|x86.Build.0 = Debug|x86
		{9567A71B-5D3D-46C2-B066-B35B0FDCE241}.Debug|x86.Deploy.0 = Debug|x86
		{9567A71B-5D3D-46C2-B066-B35B0FDCE241}.Release|Any CPU.ActiveCfg = Release|Any CPU
		{9567A71B-5D3D-46C2-B066-B35B0FDCE241}.Release|Any CPU.Build.0 = Release|Any CPU
		{9567A71B-5D3D-46C2-B066-B35B0FDCE241}.Release|Any CPU.Deploy.0 = Release|Any CPU
		{9567A71B-5D3D-46C2-B066-B35B0FDCE241}.Release|ARM.ActiveCfg = Release|ARM
		{9567A71B-5D3D-46C2-B066-B35B0FDCE241}.Release|ARM.Build.0 = Release|ARM
		{9567A71B-5D3D-46C2-B066-B35B0FDCE241}.Release|ARM.Deploy.0 = Release|ARM
		{9567A71B-5D3D-46C2-B066-B35B0FDCE241}.Release|iPhone.ActiveCfg = Release|Any CPU
		{9567A71B-5D3D-46C2-B066-B35B0FDCE241}.Release|iPhone.Build.0 = Release|Any CPU
		{9567A71B-5D3D-46C2-B066-B35B0FDCE241}.Release|iPhone.Deploy.0 = Release|Any CPU
		{9567A71B-5D3D-46C2-B066-B35B0FDCE241}.Release|iPhoneSimulator.ActiveCfg = Release|Any CPU
		{9567A71B-5D3D-46C2-B066-B35B0FDCE241}.Release|iPhoneSimulator.Build.0 = Release|Any CPU
		{9567A71B-5D3D-46C2-B066-B35B0FDCE241}.Release|iPhoneSimulator.Deploy.0 = Release|Any CPU
		{9567A71B-5D3D-46C2-B066-B35B0FDCE241}.Release|x86.ActiveCfg = Release|x86
		{9567A71B-5D3D-46C2-B066-B35B0FDCE241}.Release|x86.Build.0 = Release|x86
		{9567A71B-5D3D-46C2-B066-B35B0FDCE241}.Release|x86.Deploy.0 = Release|x86
		{4EE5FF2E-04EA-49EA-AC97-C4550715D2C6}.Ad-Hoc|Any CPU.ActiveCfg = Release|Any CPU
		{4EE5FF2E-04EA-49EA-AC97-C4550715D2C6}.Ad-Hoc|Any CPU.Build.0 = Release|Any CPU
		{4EE5FF2E-04EA-49EA-AC97-C4550715D2C6}.Ad-Hoc|ARM.ActiveCfg = Release|Any CPU
		{4EE5FF2E-04EA-49EA-AC97-C4550715D2C6}.Ad-Hoc|ARM.Build.0 = Release|Any CPU
		{4EE5FF2E-04EA-49EA-AC97-C4550715D2C6}.Ad-Hoc|iPhone.ActiveCfg = Release|Any CPU
		{4EE5FF2E-04EA-49EA-AC97-C4550715D2C6}.Ad-Hoc|iPhone.Build.0 = Release|Any CPU
		{4EE5FF2E-04EA-49EA-AC97-C4550715D2C6}.Ad-Hoc|iPhoneSimulator.ActiveCfg = Release|Any CPU
		{4EE5FF2E-04EA-49EA-AC97-C4550715D2C6}.Ad-Hoc|iPhoneSimulator.Build.0 = Release|Any CPU
		{4EE5FF2E-04EA-49EA-AC97-C4550715D2C6}.Ad-Hoc|x86.ActiveCfg = Release|Any CPU
		{4EE5FF2E-04EA-49EA-AC97-C4550715D2C6}.Ad-Hoc|x86.Build.0 = Release|Any CPU
		{4EE5FF2E-04EA-49EA-AC97-C4550715D2C6}.AppStore|Any CPU.ActiveCfg = Release|Any CPU
		{4EE5FF2E-04EA-49EA-AC97-C4550715D2C6}.AppStore|Any CPU.Build.0 = Release|Any CPU
		{4EE5FF2E-04EA-49EA-AC97-C4550715D2C6}.AppStore|ARM.ActiveCfg = Release|Any CPU
		{4EE5FF2E-04EA-49EA-AC97-C4550715D2C6}.AppStore|ARM.Build.0 = Release|Any CPU
		{4EE5FF2E-04EA-49EA-AC97-C4550715D2C6}.AppStore|iPhone.ActiveCfg = Release|Any CPU
		{4EE5FF2E-04EA-49EA-AC97-C4550715D2C6}.AppStore|iPhone.Build.0 = Release|Any CPU
		{4EE5FF2E-04EA-49EA-AC97-C4550715D2C6}.AppStore|iPhoneSimulator.ActiveCfg = Release|Any CPU
		{4EE5FF2E-04EA-49EA-AC97-C4550715D2C6}.AppStore|iPhoneSimulator.Build.0 = Release|Any CPU
		{4EE5FF2E-04EA-49EA-AC97-C4550715D2C6}.AppStore|x86.ActiveCfg = Release|Any CPU
		{4EE5FF2E-04EA-49EA-AC97-C4550715D2C6}.AppStore|x86.Build.0 = Release|Any CPU
		{4EE5FF2E-04EA-49EA-AC97-C4550715D2C6}.Debug|Any CPU.ActiveCfg = Debug|Any CPU
		{4EE5FF2E-04EA-49EA-AC97-C4550715D2C6}.Debug|Any CPU.Build.0 = Debug|Any CPU
		{4EE5FF2E-04EA-49EA-AC97-C4550715D2C6}.Debug|ARM.ActiveCfg = Debug|Any CPU
		{4EE5FF2E-04EA-49EA-AC97-C4550715D2C6}.Debug|ARM.Build.0 = Debug|Any CPU
		{4EE5FF2E-04EA-49EA-AC97-C4550715D2C6}.Debug|iPhone.ActiveCfg = Debug|Any CPU
		{4EE5FF2E-04EA-49EA-AC97-C4550715D2C6}.Debug|iPhone.Build.0 = Debug|Any CPU
		{4EE5FF2E-04EA-49EA-AC97-C4550715D2C6}.Debug|iPhoneSimulator.ActiveCfg = Debug|Any CPU
		{4EE5FF2E-04EA-49EA-AC97-C4550715D2C6}.Debug|iPhoneSimulator.Build.0 = Debug|Any CPU
		{4EE5FF2E-04EA-49EA-AC97-C4550715D2C6}.Debug|x86.ActiveCfg = Debug|Any CPU
		{4EE5FF2E-04EA-49EA-AC97-C4550715D2C6}.Debug|x86.Build.0 = Debug|Any CPU
		{4EE5FF2E-04EA-49EA-AC97-C4550715D2C6}.Release|Any CPU.ActiveCfg = Release|Any CPU
		{4EE5FF2E-04EA-49EA-AC97-C4550715D2C6}.Release|Any CPU.Build.0 = Release|Any CPU
		{4EE5FF2E-04EA-49EA-AC97-C4550715D2C6}.Release|ARM.ActiveCfg = Release|Any CPU
		{4EE5FF2E-04EA-49EA-AC97-C4550715D2C6}.Release|ARM.Build.0 = Release|Any CPU
		{4EE5FF2E-04EA-49EA-AC97-C4550715D2C6}.Release|iPhone.ActiveCfg = Release|Any CPU
		{4EE5FF2E-04EA-49EA-AC97-C4550715D2C6}.Release|iPhone.Build.0 = Release|Any CPU
		{4EE5FF2E-04EA-49EA-AC97-C4550715D2C6}.Release|iPhoneSimulator.ActiveCfg = Release|Any CPU
		{4EE5FF2E-04EA-49EA-AC97-C4550715D2C6}.Release|iPhoneSimulator.Build.0 = Release|Any CPU
		{4EE5FF2E-04EA-49EA-AC97-C4550715D2C6}.Release|x86.ActiveCfg = Release|Any CPU
		{4EE5FF2E-04EA-49EA-AC97-C4550715D2C6}.Release|x86.Build.0 = Release|Any CPU
	EndGlobalSection
	GlobalSection(SolutionProperties) = preSolution
		HideSolutionNode = FALSE
	EndGlobalSection
EndGlobal
